
Microsoft Visual Studio Solution File, Format Version 12.00
# Visual Studio Version 17
VisualStudioVersion = 17.1.31911.260
MinimumVisualStudioVersion = 10.0.40219.1
Project("{FAE04EC0-301F-11D3-BF4B-00C04F79EFBC}") = "FlagsEnumSelectRepro", "FlagsEnumSelectRepro.csproj", "{D07D220A-9EFC-4AD1-8606-F4FC478E7112}"
EndProject
Global
	GlobalSection(SolutionConfigurationPlatforms) = preSolution
		Debug|Any CPU = Debug|Any CPU
		Release|Any CPU = Release|Any CPU
	EndGlobalSection
	GlobalSection(ProjectConfigurationPlatforms) = postSolution
		{D07D220A-9EFC-4AD1-8606-F4FC478E7112}.Debug|Any CPU.ActiveCfg = Debug|Any CPU
		{D07D220A-9EFC-4AD1-8606-F4FC478E7112}.Debug|Any CPU.Build.0 = Debug|Any CPU
		{D07D220A-9EFC-4AD1-8606-F4FC478E7112}.Release|Any CPU.ActiveCfg = Release|Any CPU
		{D07D220A-9EFC-4AD1-8606-F4FC478E7112}.Release|Any CPU.Build.0 = Release|Any CPU
	EndGlobalSection
	GlobalSection(SolutionProperties) = preSolution
		HideSolutionNode = FALSE
	EndGlobalSection
	GlobalSection(ExtensibilityGlobals) = postSolution
		SolutionGuid = {627F5662-590E-44BF-842D-DF3A3BA8585E}
	EndGlobalSection
EndGlobal
